
Microsoft Visual Studio Solution File, Format Version 12.00
# Visual Studio Version 17
VisualStudioVersion = 17.6.33815.320
MinimumVisualStudioVersion = 10.0.40219.1
Project("{FAE04EC0-301F-11D3-BF4B-00C04F79EFBC}") = "assesment 6", "assesment 6\assesment 6.csproj", "{E46F119F-341B-4257-A537-C6D2C7BC6DFE}"
EndProject
Global
	GlobalSection(SolutionConfigurationPlatforms) = preSolution
		Debug|Any CPU = Debug|Any CPU
		Release|Any CPU = Release|Any CPU
	EndGlobalSection
	GlobalSection(ProjectConfigurationPlatforms) = postSolution
		{E46F119F-341B-4257-A537-C6D2C7BC6DFE}.Debug|Any CPU.ActiveCfg = Debug|Any CPU
		{E46F119F-341B-4257-A537-C6D2C7BC6DFE}.Debug|Any CPU.Build.0 = Debug|Any CPU
		{E46F119F-341B-4257-A537-C6D2C7BC6DFE}.Release|Any CPU.ActiveCfg = Release|Any CPU
		{E46F119F-341B-4257-A537-C6D2C7BC6DFE}.Release|Any CPU.Build.0 = Release|Any CPU
	EndGlobalSection
	GlobalSection(SolutionProperties) = preSolution
		HideSolutionNode = FALSE
	EndGlobalSection
	GlobalSection(ExtensibilityGlobals) = postSolution
		SolutionGuid = {06134922-FE0F-49C7-B4EA-F3C6616B7762}
	EndGlobalSection
EndGlobal
